Microsoft Visual Studio Solution File, Format Version 10.00
# Visual Studio 2008
Project("{8BC9CEB8-8B4A-11D0-8D11-00A0C91BC942}") = "I-SIMPA", "isimpaProj.vcproj", "{AF6CF5F7-AEF4-4304-B3B8-1FA6891836A0}"
	ProjectSection(ProjectDependencies) = postProject
		{40060FC5-4087-4CA0-9D0B-49789B52792B} = {40060FC5-4087-4CA0-9D0B-49789B52792B}
	EndProjectSection
EndProject
Project("{8BC9CEB8-8B4A-11D0-8D11-00A0C91BC942}") = "lib_interface", "coreSrc\lib_interface\lib_interface.vcproj", "{40060FC5-4087-4CA0-9D0B-49789B52792B}"
EndProject
Project("{8BC9CEB8-8B4A-11D0-8D11-00A0C91BC942}") = "sppsNantes", "..\..\spps\trunk\sppsNantes.vcproj", "{AA727F68-EDD6-47E6-87F4-EC884105E1D7}"
	ProjectSection(ProjectDependencies) = postProject
		{40060FC5-4087-4CA0-9D0B-49789B52792B} = {40060FC5-4087-4CA0-9D0B-49789B52792B}
	EndProjectSection
EndProject
Project("{8BC9CEB8-8B4A-11D0-8D11-00A0C91BC942}") = "TheorieClassique", "..\..\theorie_classique\trunk\TheorieClassique.vcproj", "{31F6760D-3B0A-4C9C-9CD4-EDB1B67DFBA1}"
	ProjectSection(ProjectDependencies) = postProject
		{40060FC5-4087-4CA0-9D0B-49789B52792B} = {40060FC5-4087-4CA0-9D0B-49789B52792B}
	EndProjectSection
EndProject
Project("{8BC9CEB8-8B4A-11D0-8D11-00A0C91BC942}") = "Preprocess", "coreSrc\preprocess\Preprocess.vcproj", "{A0A87BD6-E4C0-4288-91C6-0A40F5561B62}"
	ProjectSection(ProjectDependencies) = postProject
		{40060FC5-4087-4CA0-9D0B-49789B52792B} = {40060FC5-4087-4CA0-9D0B-49789B52792B}
	EndProjectSection
EndProject
Project("{8BC9CEB8-8B4A-11D0-8D11-00A0C91BC942}") = "VolumetricMeshRepair", "coreSrc\VolumetricMeshRepair\VolumetricMeshRepair.vcproj", "{31E892FD-6756-4E1D-A8B0-B15F8E133D39}"
	ProjectSection(ProjectDependencies) = postProject
		{40060FC5-4087-4CA0-9D0B-49789B52792B} = {40060FC5-4087-4CA0-9D0B-49789B52792B}
	EndProjectSection
EndProject
Project("{8BC9CEB8-8B4A-11D0-8D11-00A0C91BC942}") = "python_bindings", "coreSrc\lib_interface\python_bindings\python_bindings.vcproj", "{8378EDC7-5C14-4A2B-9D78-24C445526778}"
EndProject
Global
	GlobalSection(SolutionConfigurationPlatforms) = preSolution
		Debug|Win32 = Debug|Win32
		Debug|Windows Mobile 5.0 Pocket PC SDK (ARMV4I) = Debug|Windows Mobile 5.0 Pocket PC SDK (ARMV4I)
		Profile|Win32 = Profile|Win32
		Profile|Windows Mobile 5.0 Pocket PC SDK (ARMV4I) = Profile|Windows Mobile 5.0 Pocket PC SDK (ARMV4I)
		Release|Win32 = Release|Win32
		Release|Windows Mobile 5.0 Pocket PC SDK (ARMV4I) = Release|Windows Mobile 5.0 Pocket PC SDK (ARMV4I)
	EndGlobalSection
	GlobalSection(ProjectConfigurationPlatforms) = postSolution
		{AF6CF5F7-AEF4-4304-B3B8-1FA6891836A0}.Debug|Win32.ActiveCfg = Debug|Win32
		{AF6CF5F7-AEF4-4304-B3B8-1FA6891836A0}.Debug|Win32.Build.0 = Debug|Win32
		{AF6CF5F7-AEF4-4304-B3B8-1FA6891836A0}.Debug|Windows Mobile 5.0 Pocket PC SDK (ARMV4I).ActiveCfg = Debug|Windows Mobile 5.0 Pocket PC SDK (ARMV4I)
		{AF6CF5F7-AEF4-4304-B3B8-1FA6891836A0}.Debug|Windows Mobile 5.0 Pocket PC SDK (ARMV4I).Build.0 = Debug|Windows Mobile 5.0 Pocket PC SDK (ARMV4I)
		{AF6CF5F7-AEF4-4304-B3B8-1FA6891836A0}.Debug|Windows Mobile 5.0 Pocket PC SDK (ARMV4I).Deploy.0 = Debug|Windows Mobile 5.0 Pocket PC SDK (ARMV4I)
		{AF6CF5F7-AEF4-4304-B3B8-1FA6891836A0}.Profile|Win32.ActiveCfg = Release|Windows Mobile 5.0 Pocket PC SDK (ARMV4I)
		{AF6CF5F7-AEF4-4304-B3B8-1FA6891836A0}.Profile|Windows Mobile 5.0 Pocket PC SDK (ARMV4I).ActiveCfg = Release|Windows Mobile 5.0 Pocket PC SDK (ARMV4I)
		{AF6CF5F7-AEF4-4304-B3B8-1FA6891836A0}.Profile|Windows Mobile 5.0 Pocket PC SDK (ARMV4I).Build.0 = Release|Windows Mobile 5.0 Pocket PC SDK (ARMV4I)
		{AF6CF5F7-AEF4-4304-B3B8-1FA6891836A0}.Release|Win32.ActiveCfg = Release|Win32
		{AF6CF5F7-AEF4-4304-B3B8-1FA6891836A0}.Release|Win32.Build.0 = Release|Win32
		{AF6CF5F7-AEF4-4304-B3B8-1FA6891836A0}.Release|Windows Mobile 5.0 Pocket PC SDK (ARMV4I).ActiveCfg = Release|Windows Mobile 5.0 Pocket PC SDK (ARMV4I)
		{AF6CF5F7-AEF4-4304-B3B8-1FA6891836A0}.Release|Windows Mobile 5.0 Pocket PC SDK (ARMV4I).Build.0 = Release|Windows Mobile 5.0 Pocket PC SDK (ARMV4I)
		{AF6CF5F7-AEF4-4304-B3B8-1FA6891836A0}.Release|Windows Mobile 5.0 Pocket PC SDK (ARMV4I).Deploy.0 = Release|Windows Mobile 5.0 Pocket PC SDK (ARMV4I)
		{40060FC5-4087-4CA0-9D0B-49789B52792B}.Debug|Win32.ActiveCfg = Debug|Win32
		{40060FC5-4087-4CA0-9D0B-49789B52792B}.Debug|Win32.Build.0 = Debug|Win32
		{40060FC5-4087-4CA0-9D0B-49789B52792B}.Debug|Windows Mobile 5.0 Pocket PC SDK (ARMV4I).ActiveCfg = Debug|Win32
		{40060FC5-4087-4CA0-9D0B-49789B52792B}.Profile|Win32.ActiveCfg = Release|Win32
		{40060FC5-4087-4CA0-9D0B-49789B52792B}.Profile|Win32.Build.0 = Release|Win32
		{40060FC5-4087-4CA0-9D0B-49789B52792B}.Profile|Windows Mobile 5.0 Pocket PC SDK (ARMV4I).ActiveCfg = Release|Win32
		{40060FC5-4087-4CA0-9D0B-49789B52792B}.Release|Win32.ActiveCfg = Release|Win32
		{40060FC5-4087-4CA0-9D0B-49789B52792B}.Release|Win32.Build.0 = Release|Win32
		{40060FC5-4087-4CA0-9D0B-49789B52792B}.Release|Windows Mobile 5.0 Pocket PC SDK (ARMV4I).ActiveCfg = Release|Win32
		{AA727F68-EDD6-47E6-87F4-EC884105E1D7}.Debug|Win32.ActiveCfg = Debug|Win32
		{AA727F68-EDD6-47E6-87F4-EC884105E1D7}.Debug|Win32.Build.0 = Debug|Win32
		{AA727F68-EDD6-47E6-87F4-EC884105E1D7}.Debug|Windows Mobile 5.0 Pocket PC SDK (ARMV4I).ActiveCfg = Debug|Win32
		{AA727F68-EDD6-47E6-87F4-EC884105E1D7}.Profile|Win32.ActiveCfg = Profile|Win32
		{AA727F68-EDD6-47E6-87F4-EC884105E1D7}.Profile|Win32.Build.0 = Profile|Win32
		{AA727F68-EDD6-47E6-87F4-EC884105E1D7}.Profile|Windows Mobile 5.0 Pocket PC SDK (ARMV4I).ActiveCfg = Profile|Win32
		{AA727F68-EDD6-47E6-87F4-EC884105E1D7}.Release|Win32.ActiveCfg = Release|Win32
		{AA727F68-EDD6-47E6-87F4-EC884105E1D7}.Release|Win32.Build.0 = Release|Win32
		{AA727F68-EDD6-47E6-87F4-EC884105E1D7}.Release|Windows Mobile 5.0 Pocket PC SDK (ARMV4I).ActiveCfg = Release|Win32
		{31F6760D-3B0A-4C9C-9CD4-EDB1B67DFBA1}.Debug|Win32.ActiveCfg = Debug|Win32
		{31F6760D-3B0A-4C9C-9CD4-EDB1B67DFBA1}.Debug|Win32.Build.0 = Debug|Win32
		{31F6760D-3B0A-4C9C-9CD4-EDB1B67DFBA1}.Debug|Windows Mobile 5.0 Pocket PC SDK (ARMV4I).ActiveCfg = Debug|Win32
		{31F6760D-3B0A-4C9C-9CD4-EDB1B67DFBA1}.Profile|Win32.ActiveCfg = Release|Win32
		{31F6760D-3B0A-4C9C-9CD4-EDB1B67DFBA1}.Profile|Win32.Build.0 = Release|Win32
		{31F6760D-3B0A-4C9C-9CD4-EDB1B67DFBA1}.Profile|Windows Mobile 5.0 Pocket PC SDK (ARMV4I).ActiveCfg = Release|Win32
		{31F6760D-3B0A-4C9C-9CD4-EDB1B67DFBA1}.Release|Win32.ActiveCfg = Release|Win32
		{31F6760D-3B0A-4C9C-9CD4-EDB1B67DFBA1}.Release|Win32.Build.0 = Release|Win32
		{31F6760D-3B0A-4C9C-9CD4-EDB1B67DFBA1}.Release|Windows Mobile 5.0 Pocket PC SDK (ARMV4I).ActiveCfg = Release|Win32
		{A0A87BD6-E4C0-4288-91C6-0A40F5561B62}.Debug|Win32.ActiveCfg = Debug|Win32
		{A0A87BD6-E4C0-4288-91C6-0A40F5561B62}.Debug|Win32.Build.0 = Debug|Win32
		{A0A87BD6-E4C0-4288-91C6-0A40F5561B62}.Debug|Windows Mobile 5.0 Pocket PC SDK (ARMV4I).ActiveCfg = Debug|Win32
		{A0A87BD6-E4C0-4288-91C6-0A40F5561B62}.Profile|Win32.ActiveCfg = Release|Win32
		{A0A87BD6-E4C0-4288-91C6-0A40F5561B62}.Profile|Win32.Build.0 = Release|Win32
		{A0A87BD6-E4C0-4288-91C6-0A40F5561B62}.Profile|Windows Mobile 5.0 Pocket PC SDK (ARMV4I).ActiveCfg = Release|Win32
		{A0A87BD6-E4C0-4288-91C6-0A40F5561B62}.Release|Win32.ActiveCfg = Release|Win32
		{A0A87BD6-E4C0-4288-91C6-0A40F5561B62}.Release|Win32.Build.0 = Release|Win32
		{A0A87BD6-E4C0-4288-91C6-0A40F5561B62}.Release|Windows Mobile 5.0 Pocket PC SDK (ARMV4I).ActiveCfg = Release|Win32
		{31E892FD-6756-4E1D-A8B0-B15F8E133D39}.Debug|Win32.ActiveCfg = Debug|Win32
		{31E892FD-6756-4E1D-A8B0-B15F8E133D39}.Debug|Win32.Build.0 = Debug|Win32
		{31E892FD-6756-4E1D-A8B0-B15F8E133D39}.Debug|Windows Mobile 5.0 Pocket PC SDK (ARMV4I).ActiveCfg = Debug|Win32
		{31E892FD-6756-4E1D-A8B0-B15F8E133D39}.Profile|Win32.ActiveCfg = Release|Win32
		{31E892FD-6756-4E1D-A8B0-B15F8E133D39}.Profile|Win32.Build.0 = Release|Win32
		{31E892FD-6756-4E1D-A8B0-B15F8E133D39}.Profile|Windows Mobile 5.0 Pocket PC SDK (ARMV4I).ActiveCfg = Release|Win32
		{31E892FD-6756-4E1D-A8B0-B15F8E133D39}.Release|Win32.ActiveCfg = Release|Win32
		{31E892FD-6756-4E1D-A8B0-B15F8E133D39}.Release|Win32.Build.0 = Release|Win32
		{31E892FD-6756-4E1D-A8B0-B15F8E133D39}.Release|Windows Mobile 5.0 Pocket PC SDK (ARMV4I).ActiveCfg = Release|Win32
		{8378EDC7-5C14-4A2B-9D78-24C445526778}.Debug|Win32.ActiveCfg = Debug|Win32
		{8378EDC7-5C14-4A2B-9D78-24C445526778}.Debug|Windows Mobile 5.0 Pocket PC SDK (ARMV4I).ActiveCfg = Debug|Win32
		{8378EDC7-5C14-4A2B-9D78-24C445526778}.Profile|Win32.ActiveCfg = Release|Win32
		{8378EDC7-5C14-4A2B-9D78-24C445526778}.Profile|Win32.Build.0 = Release|Win32
		{8378EDC7-5C14-4A2B-9D78-24C445526778}.Profile|Windows Mobile 5.0 Pocket PC SDK (ARMV4I).ActiveCfg = Release|Win32
		{8378EDC7-5C14-4A2B-9D78-24C445526778}.Release|Win32.ActiveCfg = Release|Win32
		{8378EDC7-5C14-4A2B-9D78-24C445526778}.Release|Win32.Build.0 = Release|Win32
		{8378EDC7-5C14-4A2B-9D78-24C445526778}.Release|Windows Mobile 5.0 Pocket PC SDK (ARMV4I).ActiveCfg = Release|Win32
	EndGlobalSection
	GlobalSection(SolutionProperties) = preSolution
		HideSolutionNode = FALSE
	EndGlobalSection
EndGlobal
