<?xml version="1.0" encoding="UTF-8" standalone="yes" ?>
<CodeBlocks_project_file>
	<FileVersion major="1" minor="6" />
	<Project>
		<Option title="I-SIMPA" />
		<Option pch_mode="2" />
		<Option compiler="gcc" />
		<Build>
			<Target title="Release Win32">
				<Option output="../currentRelease/I-SIMPA" prefix_auto="1" extension_auto="1" />
				<Option object_output="vc_msw/isimpa" />
				<Option type="0" />
				<Option compiler="gcc" />
				<Compiler>
					<Add option="-DWIN32" />
					<Add option="-D__WXMSW__" />
					<Add option="-D_WINDOWS" />
					<Add option="-DNOPCH" />
					<Add option="-DUSE_PYTHON" />
					<Add option="-D_UNICODE" />
					<Add option="-DUNICODE" />
					<Add option="-W" />
					<Add option="-O2" />
					<Add directory="coreSrc/lib_interface" />
					<Add directory="$(WXWIN)/lib/vc_lib/mswu" />
					<Add directory="$(WXWIN)/include" />
					<Add directory="$(WXWIN)/contrib/include" />
					<Add directory="." />
					<Add directory="$(BOOST)" />
					<Add directory="$(PYTHON)/include" />
				</Compiler>
				<ResourceCompiler>
					<Add directory="coreSrc/lib_interface" />
					<Add directory="$(WXWIN)/lib/vc_lib/mswu" />
					<Add directory="$(WXWIN)/include" />
					<Add directory="$(WXWIN)/contrib/include" />
					<Add directory="." />
					<Add directory="$(BOOST)" />
					<Add directory="$(PYTHON)/include" />
				</ResourceCompiler>
				<Linker>
					<Add library="winmm" />
					<Add library="wxmsw29u_aui" />
					<Add library="wxmsw29u_gl" />
					<Add library="wxmsw29u_adv" />
					<Add library="wxmsw29u_core" />
					<Add library="wxbase29u_xml" />
					<Add library="wxexpat" />
					<Add library="wxbase29u" />
					<Add library="wxtiff" />
					<Add library="wxjpeg" />
					<Add library="wxpng" />
					<Add library="wxzlib" />
					<Add library="wxregexu" />
					<Add library="comctl32" />
					<Add library="rpcrt4" />
					<Add library="coreSrc/lib_interface/Release/lib_interface" />
					<Add directory="$(WXWIN)/lib/vc_lib" />
					<Add directory="$(PYTHON)/libs" />
					<Add directory="$(BOOST)/lib" />
				</Linker>
			</Target>
			<Target title="Debug Win32">
				<Option output="vc_mswd/I-SIMPA" prefix_auto="1" extension_auto="1" />
				<Option object_output="vc_mswd/isimpa" />
				<Option type="0" />
				<Option compiler="gcc" />
				<Compiler>
					<Add option="-DUSE_PYTHON" />
					<Add option="-DWIN32" />
					<Add option="-D_DEBUG" />
					<Add option="-D__WXMSW__" />
					<Add option="-D__WXDEBUG__" />
					<Add option="-D_UNICODE" />
					<Add option="-DUNICODE" />
					<Add option="-D_WINDOWS" />
					<Add option="-DNOPCH" />
					<Add option="-W" />
					<Add option="-O0" />
					<Add directory="coreSrc/lib_interface" />
					<Add directory="$(WXWIN)/include" />
					<Add directory="$(WXWIN)/contrib/include" />
					<Add directory="$(WXWIN)/lib/vc_lib/mswud" />
					<Add directory="." />
					<Add directory="$(BOOST)" />
					<Add directory="$(PYTHON)/include" />
				</Compiler>
				<ResourceCompiler>
					<Add directory="coreSrc/lib_interface" />
					<Add directory="$(WXWIN)/include" />
					<Add directory="$(WXWIN)/contrib/include" />
					<Add directory="$(WXWIN)/lib/vc_lib/mswud" />
					<Add directory="." />
					<Add directory="$(BOOST)" />
					<Add directory="$(PYTHON)/include" />
				</ResourceCompiler>
				<Linker>
					<Add library="winmm" />
					<Add library="wxmsw29ud_aui" />
					<Add library="wxmsw29ud_gl" />
					<Add library="wxmsw29ud_adv" />
					<Add library="wxmsw29ud_core" />
					<Add library="wxbase29ud_xml" />
					<Add library="wxexpatd" />
					<Add library="wxbase29ud" />
					<Add library="wxtiffd" />
					<Add library="wxjpegd" />
					<Add library="wxpngd" />
					<Add library="wxzlibd" />
					<Add library="wxregexud" />
					<Add library="rpcrt4" />
					<Add library="comctl32" />
					<Add library="coreSrc/lib_interface/Debug/lib_interface" />
					<Add directory="$(WXWIN)/lib/vc_lib" />
					<Add directory="$(PYTHON)/libs" />
					<Add directory="$(BOOST)/lib" />
					<Add directory="$(PYTHON)" />
				</Linker>
			</Target>
			<Target title="Release Unix">
				<Option output="/home/fortin/bindebug/isimpa/I-SIMPArelease" prefix_auto="1" extension_auto="1" />
				<Option object_output="Release_Unix/" />
				<Option type="0" />
				<Option compiler="gcc" />
				<Compiler>
					<Add option="`wx-config --cppflags`" />
					<Add option="-D_UNIX" />
					<Add option="-D__WX__" />
					<Add option="-DNOPCH" />
					<Add option="-D_UNICODE" />
					<Add option="-DUNICODE" />
					<Add option="-DUSE_PYTHON" />
					<Add directory="./" />
					<Add directory="coreSrc/lib_interface" />
					<Add directory="/usr/include/python2.6" />
					<Add directory="/usr/local/include/wx-2.9" />
					<Add directory="/usr/local/lib/wx/include/gtk2-unicode-2.9" />
					<Add directory="/usr/include/boost" />
				</Compiler>
				<ResourceCompiler>
					<Add directory="coreSrc/lib_interface" />
					<Add directory="." />
					<Add directory="$(BOOST)" />
					<Add directory="$(PYTHON)/include" />
				</ResourceCompiler>
				<Linker>
					<Add option="-lglut" />
					<Add option="-lGLU" />
					<Add option="-lGL" />
					<Add option="-lXmu" />
					<Add option="-lX11" />
					<Add option="`wx-config --libs all`" />
					<Add library="coreSrc/lib_interface/Release Unix/lib_interface.a" />
					<Add library="/usr/lib/libboost_python-py26.so.1.42.0" />
					<Add library="/usr/lib/libpython2.6.so" />
				</Linker>
			</Target>
			<Target title="Debug Unix">
				<Option output="/home/fortin/bindebug/isimpa/I-SIMPA" prefix_auto="0" extension_auto="0" />
				<Option object_output="Debug_Unix/" />
				<Option type="0" />
				<Option compiler="gcc" />
				<Compiler>
					<Add option="-g" />
					<Add option="`wx-config --cppflags --debug`" />
					<Add option="-D_DEBUG" />
					<Add option="-D_UNIX" />
					<Add option="-D_UNICODE" />
					<Add option="-DUNICODE" />
					<Add option="-DUSE_PYTHON" />
					<Add option="-D__WXDEBUG__" />
					<Add directory="./" />
					<Add directory="coreSrc/lib_interface" />
					<Add directory="/usr/include/python2.6" />
					<Add directory="/usr/local/include/wx-2.9" />
					<Add directory="/usr/local/lib/wx/include/gtk2-unicode-2.9" />
					<Add directory="/usr/include/boost" />
				</Compiler>
				<ResourceCompiler>
					<Add directory="coreSrc/lib_interface" />
					<Add directory="." />
					<Add directory="$(BOOST)" />
					<Add directory="$(PYTHON)/include" />
				</ResourceCompiler>
				<Linker>
					<Add option="-lglut" />
					<Add option="-lGLU" />
					<Add option="-lGL" />
					<Add option="-lXmu" />
					<Add option="-lX11" />
					<Add option="`wx-config --libs all --debug`" />
					<Add library="coreSrc/lib_interface/Debug Unix/lib_interface.a" />
					<Add library="/usr/lib/libboost_python-py26.so.1.42.0" />
					<Add library="/usr/lib/libpython2.6.so" />
				</Linker>
			</Target>
		</Build>
		<Unit filename="3dengine/ArcBall.cpp" />
		<Unit filename="3dengine/Camera.cpp" />
		<Unit filename="3dengine/Camera.h" />
		<Unit filename="3dengine/Core/3ds.cpp" />
		<Unit filename="3dengine/Core/3ds.h" />
		<Unit filename="3dengine/Core/Animator.cpp" />
		<Unit filename="3dengine/Core/Animator.hpp" />
		<Unit filename="3dengine/Core/Asc.cpp" />
		<Unit filename="3dengine/Core/Asc.h" />
		<Unit filename="3dengine/Core/Material.cpp" />
		<Unit filename="3dengine/Core/Material.h" />
		<Unit filename="3dengine/Core/Mathlib.h" />
		<Unit filename="3dengine/Core/Model3D.cpp" />
		<Unit filename="3dengine/Core/Model3D.h" />
		<Unit filename="3dengine/Core/Nff.cpp" />
		<Unit filename="3dengine/Core/Nff.h" />
		<Unit filename="3dengine/Core/Objet3D.cpp" />
		<Unit filename="3dengine/Core/Objet3D.h" />
		<Unit filename="3dengine/Core/Objet3D_maillage.cpp" />
		<Unit filename="3dengine/Core/Particules.cpp" />
		<Unit filename="3dengine/Core/Particules.h" />
		<Unit filename="3dengine/Core/Recepteurs_ponctuel_intensity.cpp" />
		<Unit filename="3dengine/Core/Recepteurs_ponctuel_intensity.hpp" />
		<Unit filename="3dengine/Core/Recepteurs_surfacique.cpp" />
		<Unit filename="3dengine/Core/Recepteurs_surfacique.h" />
		<Unit filename="3dengine/Core/Texture.cpp" />
		<Unit filename="3dengine/Core/Texture.h" />
		<Unit filename="3dengine/Core/bin.cpp" />
		<Unit filename="3dengine/Core/bin.h" />
		<Unit filename="3dengine/Core/mesh.cpp" />
		<Unit filename="3dengine/Core/mesh.h" />
		<Unit filename="3dengine/Core/ply.cpp" />
		<Unit filename="3dengine/Core/stl.cpp" />
		<Unit filename="3dengine/Core/var.cpp" />
		<Unit filename="3dengine/Core/var.h" />
		<Unit filename="3dengine/GlBitmapSurface.cpp" />
		<Unit filename="3dengine/GlBitmapSurface.h" />
		<Unit filename="3dengine/OpenGLApp.cpp" />
		<Unit filename="3dengine/OpenGLApp.h" />
		<Unit filename="3dengine/OpenGlViewer.cpp" />
		<Unit filename="3dengine/OpenGlViewer.h" />
		<Unit filename="3dengine/legendFonts.cpp" />
		<Unit filename="3dengine/legendFonts.h" />
		<Unit filename="3dengine/legendObject.cpp" />
		<Unit filename="3dengine/legendObject.h" />
		<Unit filename="3dengine/tools/intersection_seeker.cpp" />
		<Unit filename="3dengine/tools/intersection_seeker.h" />
		<Unit filename="3dengine/tools/opengl_test.cpp" />
		<Unit filename="3dengine/tools/opengl_test.hpp" />
		<Unit filename="3dengine/tools/recepteursurf_difference.cpp" />
		<Unit filename="3dengine/tools/recepteursurf_difference.hpp" />
		<Unit filename="3dengine/tools/tesselator.cpp" />
		<Unit filename="3dengine/tools/tesselator.h" />
		<Unit filename="ConvertUTF.c">
			<Option compilerVar="CC" />
		</Unit>
		<Unit filename="ConvertUTF.h" />
		<Unit filename="GL/opengl_inc.h" />
		<Unit filename="GL/wglext.h" />
		<Unit filename="IHM/ComboTreeCtrl.cpp" />
		<Unit filename="IHM/ComboTreeCtrl.h" />
		<Unit filename="IHM/DataWindow.cpp" />
		<Unit filename="IHM/DataWindow.h" />
		<Unit filename="IHM/DialogDiagramCreator.cpp" />
		<Unit filename="IHM/DialogDiagramCreator.h" />
		<Unit filename="IHM/GabeDataGrid.cpp" />
		<Unit filename="IHM/GabeDataGrid.hpp" />
		<Unit filename="IHM/MainPropGrid.cpp" />
		<Unit filename="IHM/MainPropGrid.h" />
		<Unit filename="IHM/PropGrid.cpp" />
		<Unit filename="IHM/PropGrid.h" />
		<Unit filename="IHM/RecepteurSOperationDialog.cpp" />
		<Unit filename="IHM/RecepteurSOperationDialog.h" />
		<Unit filename="IHM/WizardRemeshModel.cpp" />
		<Unit filename="IHM/WizardRemeshModel.hpp" />
		<Unit filename="IHM/applicationPreferences.cpp" />
		<Unit filename="IHM/applicationPreferences.hpp" />
		<Unit filename="IHM/base64.cpp" />
		<Unit filename="IHM/base64.h" />
		<Unit filename="IHM/customItem/uimenuitem.cpp" />
		<Unit filename="IHM/customRenderer/gridcellgabefloatrenderer.cpp" />
		<Unit filename="IHM/customdialog/customdlg.cpp" />
		<Unit filename="IHM/customdialog/customdlg.h" />
		<Unit filename="IHM/foldpaneltree.cpp" />
		<Unit filename="IHM/foldpaneltree.h" />
		<Unit filename="IHM/languageSelection.cpp" />
		<Unit filename="IHM/languageSelection.hpp" />
		<Unit filename="IHM/loadingSceneDialog.cpp" />
		<Unit filename="IHM/loadingSceneDialog.hpp" />
		<Unit filename="IHM/pyConsole.cpp" />
		<Unit filename="IHM/pyConsole.hpp" />
		<Unit filename="IHM/simpleGraph.cpp" />
		<Unit filename="IHM/simpleGraph.h" />
		<Unit filename="IHM/simpleGraphArrays.h" />
		<Unit filename="IHM/simpleGraphDialogs.cpp" />
		<Unit filename="IHM/simpleGraphDialogs.h" />
		<Unit filename="IHM/simpleGraphEnumerators.cpp" />
		<Unit filename="IHM/simpleGraphEnumerators.h" />
		<Unit filename="IHM/simpleGraphManager.cpp" />
		<Unit filename="IHM/simpleGraphManager.h" />
		<Unit filename="IHM/uiTreeCtrl.cpp" />
		<Unit filename="IHM/uiTreeCtrl.h" />
		<Unit filename="Language/additionnal_univ.h" />
		<Unit filename="UtfConverter.cpp" />
		<Unit filename="UtfConverter.h" />
		<Unit filename="coreSrc/preprocess/input_output/poly.cpp" />
		<Unit filename="coreSrc/preprocess/input_output/poly.h" />
		<Unit filename="data_manager/appconfig.cpp" />
		<Unit filename="data_manager/appconfig.h" />
		<Unit filename="data_manager/customEditor/wxGridCellColorEditor.cpp" />
		<Unit filename="data_manager/customEditor/wxGridCellColorEditor.h" />
		<Unit filename="data_manager/customEditor/wxGridCellFontEditor.cpp" />
		<Unit filename="data_manager/customEditor/wxGridCellTreeEditor.cpp" />
		<Unit filename="data_manager/customEditor/wxGridCellTreeEditor.h" />
		<Unit filename="data_manager/drawable_element.cpp" />
		<Unit filename="data_manager/drawable_element.h" />
		<Unit filename="data_manager/e_data.h" />
		<Unit filename="data_manager/e_data_bool.h" />
		<Unit filename="data_manager/e_data_bool_bfreqchoice.h" />
		<Unit filename="data_manager/e_data_color.h" />
		<Unit filename="data_manager/e_data_entier.h" />
		<Unit filename="data_manager/e_data_float.h" />
		<Unit filename="data_manager/e_data_font.h" />
		<Unit filename="data_manager/e_data_list.h" />
		<Unit filename="data_manager/e_data_row.h" />
		<Unit filename="data_manager/e_data_row_bandefreq.h" />
		<Unit filename="data_manager/e_data_row_ext_bandefreq.h" />
		<Unit filename="data_manager/e_data_row_materiau.h" />
		<Unit filename="data_manager/e_data_text.h" />
		<Unit filename="data_manager/e_data_tree.h" />
		<Unit filename="data_manager/e_position.h" />
		<Unit filename="data_manager/element.cpp" />
		<Unit filename="data_manager/element.h" />
		<Unit filename="data_manager/generic_element/e_gammeabsorption.cpp" />
		<Unit filename="data_manager/generic_element/e_gammeabsorption.h" />
		<Unit filename="data_manager/generic_element/e_gammefrequence.cpp" />
		<Unit filename="data_manager/generic_element/e_gammefrequence.h" />
		<Unit filename="data_manager/generic_element/e_gammefrequence_app.h" />
		<Unit filename="data_manager/generic_element/e_gammefrequence_user.h" />
		<Unit filename="data_manager/generic_element/e_materiau.cpp" />
		<Unit filename="data_manager/generic_element/e_materiau.h" />
		<Unit filename="data_manager/generic_element/e_materiau_app.h" />
		<Unit filename="data_manager/generic_element/e_materiau_user.h" />
		<Unit filename="data_manager/generic_element/e_property_freq.cpp" />
		<Unit filename="data_manager/generic_element/e_property_freq.h" />
		<Unit filename="data_manager/grpInfo/data_group_info.cpp" />
		<Unit filename="data_manager/grpInfo/data_group_info.h" />
		<Unit filename="data_manager/logger_tetgen_debug.hpp" />
		<Unit filename="data_manager/projet.cpp" />
		<Unit filename="data_manager/projet.h" />
		<Unit filename="data_manager/projet_calculation.cpp" />
		<Unit filename="data_manager/projet_maillage.cpp" />
		<Unit filename="data_manager/projet_python.cpp" />
		<Unit filename="data_manager/projet_remesh.cpp" />
		<Unit filename="data_manager/projet_undo_redo.cpp" />
		<Unit filename="data_manager/python_interface/boost_python_header.cpp" />
		<Unit filename="data_manager/python_interface/boost_python_header.h" />
		<Unit filename="data_manager/python_interface/instanceManager.cpp" />
		<Unit filename="data_manager/python_interface/instanceManager.hpp" />
		<Unit filename="data_manager/python_interface/py_ui_module/Application.cpp" />
		<Unit filename="data_manager/python_interface/py_ui_module/Application.hpp" />
		<Unit filename="data_manager/python_interface/py_ui_module/e_pyext.cpp" />
		<Unit filename="data_manager/python_interface/py_ui_module/e_pyext.hpp" />
		<Unit filename="data_manager/python_interface/py_ui_module/element_file_pywrap.cpp" />
		<Unit filename="data_manager/python_interface/py_ui_module/element_file_pywrap.hpp" />
		<Unit filename="data_manager/python_interface/py_ui_module/element_pywrap.cpp" />
		<Unit filename="data_manager/python_interface/py_ui_module/element_pywrap.hpp" />
		<Unit filename="data_manager/python_interface/py_ui_module/enum_def.cpp" />
		<Unit filename="data_manager/python_interface/py_ui_module/uictrl_doxygen.py" />
		<Unit filename="data_manager/python_interface/python_command.h" />
		<Unit filename="data_manager/python_interface/pythonshell.cpp" />
		<Unit filename="data_manager/python_interface/pythonshell.hpp" />
		<Unit filename="data_manager/python_interface/pythonstdioredirect.cpp" />
		<Unit filename="data_manager/python_interface/pythonstdioredirect.hpp" />
		<Unit filename="data_manager/tree_core/e_core.h" />
		<Unit filename="data_manager/tree_core/e_core_core.h" />
		<Unit filename="data_manager/tree_core/e_core_core_bfreqselection.h" />
		<Unit filename="data_manager/tree_core/e_core_core_config.h" />
		<Unit filename="data_manager/tree_core/e_core_core_tetconf.h" />
		<Unit filename="data_manager/tree_core/e_core_sppscore.h" />
		<Unit filename="data_manager/tree_core/e_core_sppsoctreecore.h" />
		<Unit filename="data_manager/tree_core/e_core_tccore.h" />
		<Unit filename="data_manager/tree_rapport/e_report.h" />
		<Unit filename="data_manager/tree_rapport/e_report_file.cpp" />
		<Unit filename="data_manager/tree_rapport/e_report_file.h" />
		<Unit filename="data_manager/tree_rapport/e_report_folder.h" />
		<Unit filename="data_manager/tree_rapport/e_report_gabe.cpp" />
		<Unit filename="data_manager/tree_rapport/e_report_gabe.h" />
		<Unit filename="data_manager/tree_rapport/e_report_gabe_gap.cpp" />
		<Unit filename="data_manager/tree_rapport/e_report_gabe_gap.h" />
		<Unit filename="data_manager/tree_rapport/e_report_gabe_recp.cpp" />
		<Unit filename="data_manager/tree_rapport/e_report_gabe_recp.h" />
		<Unit filename="data_manager/tree_rapport/e_report_partvisualisation.h" />
		<Unit filename="data_manager/tree_rapport/e_report_recepteurssvisualisation.h" />
		<Unit filename="data_manager/tree_rapport/e_report_rpi.h" />
		<Unit filename="data_manager/tree_rapport/e_report_unknown_file.cpp" />
		<Unit filename="data_manager/tree_rapport/e_report_unknown_file.h" />
		<Unit filename="data_manager/tree_scene/e_scene.cpp" />
		<Unit filename="data_manager/tree_scene/e_scene.h" />
		<Unit filename="data_manager/tree_scene/e_scene_bdd.h" />
		<Unit filename="data_manager/tree_scene/e_scene_bdd_materiaux.h" />
		<Unit filename="data_manager/tree_scene/e_scene_bdd_materiaux_app.h" />
		<Unit filename="data_manager/tree_scene/e_scene_bdd_materiaux_app_group.h" />
		<Unit filename="data_manager/tree_scene/e_scene_bdd_materiaux_app_materiau.h" />
		<Unit filename="data_manager/tree_scene/e_scene_bdd_materiaux_propmateriau.h" />
		<Unit filename="data_manager/tree_scene/e_scene_bdd_materiaux_rendermateriau.h" />
		<Unit filename="data_manager/tree_scene/e_scene_bdd_materiaux_user.h" />
		<Unit filename="data_manager/tree_scene/e_scene_bdd_materiaux_user_group.h" />
		<Unit filename="data_manager/tree_scene/e_scene_bdd_materiaux_user_materiau.h" />
		<Unit filename="data_manager/tree_scene/e_scene_bdd_spectrums.h" />
		<Unit filename="data_manager/tree_scene/e_scene_bdd_spectrums_app.h" />
		<Unit filename="data_manager/tree_scene/e_scene_bdd_spectrums_user.h" />
		<Unit filename="data_manager/tree_scene/e_scene_donnees.h" />
		<Unit filename="data_manager/tree_scene/e_scene_encombrements.h" />
		<Unit filename="data_manager/tree_scene/e_scene_encombrements_encombrement_cuboide.h" />
		<Unit filename="data_manager/tree_scene/e_scene_encombrements_encombrement_model.h" />
		<Unit filename="data_manager/tree_scene/e_scene_encombrements_encombrement_proprietes.h" />
		<Unit filename="data_manager/tree_scene/e_scene_encombrements_encombrement_rendu.h" />
		<Unit filename="data_manager/tree_scene/e_scene_groupesurfaces.h" />
		<Unit filename="data_manager/tree_scene/e_scene_groupesurfaces_groupe.cpp" />
		<Unit filename="data_manager/tree_scene/e_scene_groupesurfaces_groupe.h" />
		<Unit filename="data_manager/tree_scene/e_scene_groupesurfaces_groupe_vertex.h" />
		<Unit filename="data_manager/tree_scene/e_scene_projet.h" />
		<Unit filename="data_manager/tree_scene/e_scene_projet_configuration.h" />
		<Unit filename="data_manager/tree_scene/e_scene_projet_environnement.h" />
		<Unit filename="data_manager/tree_scene/e_scene_projet_informations.h" />
		<Unit filename="data_manager/tree_scene/e_scene_projet_rendu.h" />
		<Unit filename="data_manager/tree_scene/e_scene_projet_rendu_origine.h" />
		<Unit filename="data_manager/tree_scene/e_scene_projet_userconfiguration.h" />
		<Unit filename="data_manager/tree_scene/e_scene_recepteursp.h" />
		<Unit filename="data_manager/tree_scene/e_scene_recepteursp_recepteur.h" />
		<Unit filename="data_manager/tree_scene/e_scene_recepteursp_recepteur_proprietes.h" />
		<Unit filename="data_manager/tree_scene/e_scene_recepteursp_recepteur_rendu.h" />
		<Unit filename="data_manager/tree_scene/e_scene_recepteurss.h" />
		<Unit filename="data_manager/tree_scene/e_scene_recepteurss_recepteur.h" />
		<Unit filename="data_manager/tree_scene/e_scene_recepteurss_recepteur_proprietes.h" />
		<Unit filename="data_manager/tree_scene/e_scene_recepteurss_recepteur_rendu.h" />
		<Unit filename="data_manager/tree_scene/e_scene_recepteurss_recepteurcoupe.h" />
		<Unit filename="data_manager/tree_scene/e_scene_recepteurss_recepteurcoupe_proprietes.h" />
		<Unit filename="data_manager/tree_scene/e_scene_recepteurss_recepteurcoupe_rendu.h" />
		<Unit filename="data_manager/tree_scene/e_scene_sources.h" />
		<Unit filename="data_manager/tree_scene/e_scene_sources_source.h" />
		<Unit filename="data_manager/tree_scene/e_scene_sources_source_proprietes.h" />
		<Unit filename="data_manager/tree_scene/e_scene_sources_source_rendu.h" />
		<Unit filename="data_manager/tree_scene/e_scene_volumes.cpp" />
		<Unit filename="data_manager/tree_scene/e_scene_volumes.h" />
		<Unit filename="data_manager/tree_scene/e_scene_volumes_volume.h" />
		<Unit filename="data_manager/tree_scene/e_scene_volumes_volume_proprietes.h" />
		<Unit filename="data_manager/tree_scene/e_scene_volumes_volume_rendu.h" />
		<Unit filename="data_manager/tree_userpref/e_userprefitem.hpp" />
		<Unit filename="data_manager/tree_userpref/e_userprefitemisotemplate.hpp" />
		<Unit filename="data_manager/tree_userpref/e_userprefnode.hpp" />
		<Unit filename="doxDoc/addelementDoc.h" />
		<Unit filename="doxDoc/doxygenDoc.h" />
		<Unit filename="doxDoc/mainDoc.h" />
		<Unit filename="doxDoc/translationDoc.h" />
		<Unit filename="first_header_include.hpp" />
		<Unit filename="last_cpp_include.hpp" />
		<Unit filename="main/i_simpa_main.cpp" />
		<Unit filename="main/i_simpa_main.h" />
		<Unit filename="manager/bigfilereader.cpp" />
		<Unit filename="manager/bigfilereader.h" />
		<Unit filename="manager/generic_typedef.h" />
		<Unit filename="manager/lifetimeWitness.hpp" />
		<Unit filename="manager/modelRetriever.cpp" />
		<Unit filename="manager/modelRetriever.hpp" />
		<Unit filename="manager/processManager.cpp" />
		<Unit filename="manager/processManager.h" />
		<Unit filename="manager/smart_ptr.h" />
		<Unit filename="manager/smart_ptr.inl" />
		<Unit filename="manager/sppsString.cpp" />
		<Unit filename="manager/stringParser.h" />
		<Unit filename="manager/stringTools.h" />
		<Extensions>
			<code_completion />
			<debugger />
		</Extensions>
	</Project>
</CodeBlocks_project_file>
