
Microsoft Visual Studio Solution File, Format Version 10.00
# Visual Studio 2008
Project("{8BC9CEB8-8B4A-11D0-8D11-00A0C91BC942}") = "python_bindings", "python_bindings.vcproj", "{8378EDC7-5C14-4A2B-9D78-24C445526778}"
EndProject
Global
	GlobalSection(SolutionConfigurationPlatforms) = preSolution
		Release|Win32 = Release|Win32
	EndGlobalSection
	GlobalSection(ProjectConfigurationPlatforms) = postSolution
		{8378EDC7-5C14-4A2B-9D78-24C445526778}.Release|Win32.ActiveCfg = Release|Win32
		{8378EDC7-5C14-4A2B-9D78-24C445526778}.Release|Win32.Build.0 = Release|Win32
	EndGlobalSection
	GlobalSection(SolutionProperties) = preSolution
		HideSolutionNode = FALSE
	EndGlobalSection
EndGlobal
