
Microsoft Visual Studio Solution File, Format Version 10.00
# Visual C++ Express 2008
Project("{8BC9CEB8-8B4A-11D0-8D11-00A0C91BC942}") = "sppsNantes", "sppsNantes.vcproj", "{AA727F68-EDD6-47E6-87F4-EC884105E1D7}"
EndProject
Global
	GlobalSection(SolutionConfigurationPlatforms) = preSolution
		Debug|Win32 = Debug|Win32
		Profile|Win32 = Profile|Win32
		Release|Win32 = Release|Win32
	EndGlobalSection
	GlobalSection(ProjectConfigurationPlatforms) = postSolution
		{AA727F68-EDD6-47E6-87F4-EC884105E1D7}.Debug|Win32.ActiveCfg = Debug|Win32
		{AA727F68-EDD6-47E6-87F4-EC884105E1D7}.Debug|Win32.Build.0 = Debug|Win32
		{AA727F68-EDD6-47E6-87F4-EC884105E1D7}.Profile|Win32.ActiveCfg = Profile|Win32
		{AA727F68-EDD6-47E6-87F4-EC884105E1D7}.Profile|Win32.Build.0 = Profile|Win32
		{AA727F68-EDD6-47E6-87F4-EC884105E1D7}.Release|Win32.ActiveCfg = Release|Win32
		{AA727F68-EDD6-47E6-87F4-EC884105E1D7}.Release|Win32.Build.0 = Release|Win32
	EndGlobalSection
	GlobalSection(SolutionProperties) = preSolution
		HideSolutionNode = FALSE
	EndGlobalSection
EndGlobal
