<?xml version="1.0" encoding="UTF-8" standalone="yes" ?>
<CodeBlocks_project_file>
	<FileVersion major="1" minor="6" />
	<Project>
		<Option title="sppsNantes" />
		<Option pch_mode="2" />
		<Option compiler="gcc" />
		<Build>
			<Target title="Debug Win32">
				<Option output="sppsNantes" prefix_auto="1" extension_auto="1" />
				<Option object_output="Debug Win32" />
				<Option type="1" />
				<Option compiler="gcc" />
				<Compiler>
					<Add option="-W" />
					<Add option="-g" />
					<Add option="-O0" />
					<Add option="-DWIN32" />
					<Add option="-D_DEBUG" />
					<Add option="-D_CONSOLE" />
					<Add directory="../../lib_interface" />
					<Add directory="$(BOOST)" />
					<Add directory="." />
				</Compiler>
				<ResourceCompiler>
					<Add directory="../../lib_interface" />
					<Add directory="$(BOOST)" />
					<Add directory="." />
				</ResourceCompiler>
				<Linker>
					<Add library="..\..\lib_interface\Debug Win32\lib_interface.a" />
					<Add directory="$(BOOST)/lib" />
				</Linker>
			</Target>
			<Target title="Release Win32">
				<Option output="../../sppsNantes" prefix_auto="1" extension_auto="1" />
				<Option object_output="Release Win32" />
				<Option type="1" />
				<Option compiler="msvc8" />
				<Option projectCompilerOptionsRelation="0" />
				<Option projectLinkerOptionsRelation="0" />
				<Option projectIncludeDirsRelation="0" />
				<Option projectLibDirsRelation="0" />
				<Compiler>
					<Add option="-DWIN32" />
					<Add option="-DNDEBUG" />
					<Add option="-D_CONSOLE" />
					<Add directory="$(BOOST)" />
					<Add directory="C:/dev/isimpa/isimpa/trunk/coreSrc/lib_interface" />
				</Compiler>
				<ResourceCompiler>
					<Add directory="$(BOOST)" />
					<Add directory="." />
				</ResourceCompiler>
				<Linker>
					<Add library="..\..\isimpa\trunk\coreSrc\lib_interface\Release Win32\lib_interface.a.lib" />
					<Add directory="$(BOOST)/lib" />
				</Linker>
			</Target>
			<Target title="Profile Win32">
				<Option output="sppsNantes" prefix_auto="1" extension_auto="1" />
				<Option object_output="Profile Win32" />
				<Option type="1" />
				<Option compiler="gcc" />
				<Compiler>
					<Add option="-DWIN32" />
					<Add option="-DNDEBUG" />
					<Add option="-D_CONSOLE" />
					<Add option="-D_PROFILE_" />
					<Add option="-W" />
					<Add directory="../../lib_interface" />
					<Add directory="$(BOOST)" />
					<Add directory="." />
				</Compiler>
				<ResourceCompiler>
					<Add directory="../../lib_interface" />
					<Add directory="$(BOOST)" />
					<Add directory="." />
				</ResourceCompiler>
				<Linker>
					<Add library="..\..\lib_interface\Release\lib_interface" />
					<Add directory="F:/Program Files/boost/boost_1_35_0/lib" />
				</Linker>
			</Target>
			<Target title="Debug Unix">
				<Option platforms="Unix;" />
				<Option output="Debug Unix/spps" prefix_auto="1" extension_auto="1" />
				<Option object_output="Debug Unix" />
				<Option type="1" />
				<Option compiler="gcc" />
				<Compiler>
					<Add option="-W" />
					<Add option="-g" />
					<Add option="-O0" />
					<Add option="-D_UNIX" />
					<Add option="-D_DEBUG" />
					<Add option="-D_CONSOLE" />
					<Add directory="../../lib_interface" />
					<Add directory="$(BOOST)" />
					<Add directory="." />
					<Add directory="../sppsNantes" />
				</Compiler>
				<ResourceCompiler>
					<Add directory="../../lib_interface" />
					<Add directory="$(BOOST)" />
					<Add directory="." />
				</ResourceCompiler>
				<Linker>
					<Add library="..\..\lib_interface\Debug Unix\lib_interface.a" />
					<Add directory="$(BOOST)/lib" />
				</Linker>
			</Target>
			<Target title="Release Unix">
				<Option output="Release Unix/spps" prefix_auto="1" extension_auto="1" />
				<Option object_output="Release Unix" />
				<Option type="1" />
				<Option compiler="gcc" />
				<Compiler>
					<Add option="-W" />
					<Add option="-D_UNIX" />
					<Add option="-D_CONSOLE" />
					<Add directory="../../lib_interface" />
					<Add directory="$(BOOST)" />
					<Add directory="." />
					<Add directory="../sppsNantes" />
				</Compiler>
				<ResourceCompiler>
					<Add directory="../../lib_interface" />
					<Add directory="$(BOOST)" />
					<Add directory="." />
				</ResourceCompiler>
				<Linker>
					<Add library="..\..\lib_interface\Release Unix\lib_interface.a" />
					<Add library="\usr\lib\libboost_thread-mt.so" />
					<Add directory="$(BOOST)/lib" />
				</Linker>
			</Target>
		</Build>
		<Unit filename="CalculationCore.cpp" />
		<Unit filename="CalculationCore.h" />
		<Unit filename="ReadMe.txt" />
		<Unit filename="data_manager/core_configuration.cpp" />
		<Unit filename="data_manager/core_configuration.h" />
		<Unit filename="input_output/particles/part_binary.h" />
		<Unit filename="input_output/reportmanager.cpp" />
		<Unit filename="input_output/reportmanager.h" />
		<Unit filename="sppsInitialisation.cpp" />
		<Unit filename="sppsInitialisation.h" />
		<Unit filename="sppsNantes.cpp" />
		<Unit filename="sppsTypes.cpp" />
		<Unit filename="sppsTypes.h" />
		<Unit filename="tools/dotdistribution.cpp" />
		<Unit filename="tools/dotdistribution.h" />
		<Unit filename="tools/dotreflection.h" />
		<Extensions>
			<code_completion />
			<debugger />
			<envvars />
		</Extensions>
	</Project>
</CodeBlocks_project_file>
