
Microsoft Visual Studio Solution File, Format Version 10.00
# Visual C++ Express 2008
Project("{8BC9CEB8-8B4A-11D0-8D11-00A0C91BC942}") = "TheorieClassique", "TheorieClassique.vcproj", "{31F6760D-3B0A-4C9C-9CD4-EDB1B67DFBA1}"
EndProject
Global
	GlobalSection(SolutionConfigurationPlatforms) = preSolution
		Debug|Win32 = Debug|Win32
		Release|Win32 = Release|Win32
	EndGlobalSection
	GlobalSection(ProjectConfigurationPlatforms) = postSolution
		{31F6760D-3B0A-4C9C-9CD4-EDB1B67DFBA1}.Debug|Win32.ActiveCfg = Debug|Win32
		{31F6760D-3B0A-4C9C-9CD4-EDB1B67DFBA1}.Debug|Win32.Build.0 = Debug|Win32
		{31F6760D-3B0A-4C9C-9CD4-EDB1B67DFBA1}.Release|Win32.ActiveCfg = Release|Win32
		{31F6760D-3B0A-4C9C-9CD4-EDB1B67DFBA1}.Release|Win32.Build.0 = Release|Win32
	EndGlobalSection
	GlobalSection(SolutionProperties) = preSolution
		HideSolutionNode = FALSE
	EndGlobalSection
EndGlobal
