<?xml version="1.0" encoding="utf-8"?>
<Project ToolsVersion="4.0" xmlns="http://schemas.microsoft.com/developer/msbuild/2003">
  <ItemGroup>
    <Filter Include="Fichiers d%27en-têtes">
      <UniqueIdentifier>{c8003755-58b4-4d2e-8f52-2199449ab684}</UniqueIdentifier>
    </Filter>
    <Filter Include="Fichiers d%27en-têtes\Core">
      <UniqueIdentifier>{ea760a03-d742-43c5-b078-fc1d7ec31101}</UniqueIdentifier>
    </Filter>
    <Filter Include="Fichiers d%27en-têtes\data_manager">
      <UniqueIdentifier>{b813d179-fe4a-470e-852d-1f4ada91f40c}</UniqueIdentifier>
    </Filter>
    <Filter Include="Fichiers d%27en-têtes\data_manager\data_calculation">
      <UniqueIdentifier>{ac82c979-bc4e-471c-8695-4a8eb90ebea9}</UniqueIdentifier>
    </Filter>
    <Filter Include="Fichiers d%27en-têtes\input_output">
      <UniqueIdentifier>{f3860ea4-9386-4205-bae3-5df2ce8596a3}</UniqueIdentifier>
    </Filter>
    <Filter Include="Fichiers d%27en-têtes\input_output\exportRecepteurSurf">
      <UniqueIdentifier>{ecb82fe3-31cd-4d29-8490-45b0e42c0055}</UniqueIdentifier>
    </Filter>
    <Filter Include="Fichiers d%27en-têtes\input_output\gabe">
      <UniqueIdentifier>{121f83be-104b-43e9-b733-8b6027e9386e}</UniqueIdentifier>
    </Filter>
    <Filter Include="Fichiers d%27en-têtes\input_output\importExportMaillage">
      <UniqueIdentifier>{cefc89da-f96d-4c68-8b17-ac917524a9ba}</UniqueIdentifier>
    </Filter>
    <Filter Include="Fichiers d%27en-têtes\input_output\utf8">
      <UniqueIdentifier>{64bad5c5-3a74-4e40-9362-67330cade41c}</UniqueIdentifier>
    </Filter>
    <Filter Include="Fichiers d%27en-têtes\input_output\particles">
      <UniqueIdentifier>{d7f77862-52f1-4298-87ee-b23f718d2a0c}</UniqueIdentifier>
    </Filter>
    <Filter Include="Fichiers d%27en-têtes\input_output\ply">
      <UniqueIdentifier>{ce5d0781-8126-42d4-b766-54d4e145cc26}</UniqueIdentifier>
    </Filter>
    <Filter Include="Fichiers d%27en-têtes\tools">
      <UniqueIdentifier>{73946a9d-62a0-4ff5-8ef1-9ebbb6ef705f}</UniqueIdentifier>
    </Filter>
    <Filter Include="Fichiers sources">
      <UniqueIdentifier>{93995380-89BD-4b04-88EB-625FBE52EBFB}</UniqueIdentifier>
      <Extensions>h;hpp;hxx;hm;inl;inc;xsd</Extensions>
    </Filter>
    <Filter Include="Fichiers sources\Core">
      <UniqueIdentifier>{2b5c83ea-50f3-45cf-91d1-db4faf9a75f9}</UniqueIdentifier>
    </Filter>
    <Filter Include="Fichiers sources\data_manager">
      <UniqueIdentifier>{fa0b786c-6619-4140-8671-6caee5b9181f}</UniqueIdentifier>
    </Filter>
    <Filter Include="Fichiers sources\data_manager\data_calculation">
      <UniqueIdentifier>{e26771a3-2622-4a87-87b9-165f826fcac1}</UniqueIdentifier>
    </Filter>
    <Filter Include="Fichiers sources\input_output">
      <UniqueIdentifier>{93306606-f498-49fb-b8d2-a57117d26865}</UniqueIdentifier>
    </Filter>
    <Filter Include="Fichiers sources\input_output\exportRecepteurSurf">
      <UniqueIdentifier>{99811dc1-8056-491c-b9fd-b1576d3dde65}</UniqueIdentifier>
    </Filter>
    <Filter Include="Fichiers sources\input_output\gabe">
      <UniqueIdentifier>{03f86157-c7e8-450a-9007-268597236ff0}</UniqueIdentifier>
    </Filter>
    <Filter Include="Fichiers sources\input_output\importExportMaillage">
      <UniqueIdentifier>{22e03c98-ae07-4be9-86df-68acfe009b2c}</UniqueIdentifier>
    </Filter>
    <Filter Include="Fichiers sources\input_output\utf8">
      <UniqueIdentifier>{7d9c04a0-2ec5-483d-b0c1-a7994a153e33}</UniqueIdentifier>
    </Filter>
    <Filter Include="Fichiers sources\input_output\particles">
      <UniqueIdentifier>{76f23987-bef1-4b88-9e15-e49e6c5d09c8}</UniqueIdentifier>
    </Filter>
    <Filter Include="Fichiers sources\input_output\ply">
      <UniqueIdentifier>{628d8ff4-652e-4890-bf31-60fd5131d868}</UniqueIdentifier>
    </Filter>
    <Filter Include="Fichiers sources\tools">
      <UniqueIdentifier>{ea84174a-d348-48bf-bd53-3e3ba0f53ec5}</UniqueIdentifier>
    </Filter>
    <Filter Include="Fichiers de ressources">
      <UniqueIdentifier>{67DA6AB6-F800-4c08-8B7A-83BB121AAD01}</UniqueIdentifier>
      <Extensions>rc;ico;cur;bmp;dlg;rc2;rct;bin;rgs;gif;jpg;jpeg;jpe;resx;tiff;tif;png;wav</Extensions>
    </Filter>
  </ItemGroup>
  <ItemGroup>
    <ClInclude Include="coreInitialisation.h">
      <Filter>Fichiers d%27en-têtes</Filter>
    </ClInclude>
    <ClInclude Include="coreString.h">
      <Filter>Fichiers d%27en-têtes</Filter>
    </ClInclude>
    <ClInclude Include="coreTypes.h">
      <Filter>Fichiers d%27en-têtes</Filter>
    </ClInclude>
    <ClInclude Include="en_numeric.hpp">
      <Filter>Fichiers d%27en-têtes</Filter>
    </ClInclude>
    <ClInclude Include="std_tools.hpp">
      <Filter>Fichiers d%27en-têtes</Filter>
    </ClInclude>
    <ClInclude Include="Core\mathlib.h">
      <Filter>Fichiers d%27en-têtes\Core</Filter>
    </ClInclude>
    <ClInclude Include="Core\Model3D.h">
      <Filter>Fichiers d%27en-têtes\Core</Filter>
    </ClInclude>
    <ClInclude Include="data_manager\base_core_configuration.h">
      <Filter>Fichiers d%27en-têtes\data_manager</Filter>
    </ClInclude>
    <ClInclude Include="data_manager\data_calculation\calculsPropagation.h">
      <Filter>Fichiers d%27en-têtes\data_manager\data_calculation</Filter>
    </ClInclude>
    <ClInclude Include="input_output\basereportmanager.h">
      <Filter>Fichiers d%27en-têtes\input_output</Filter>
    </ClInclude>
    <ClInclude Include="input_output\bin.h">
      <Filter>Fichiers d%27en-têtes\input_output</Filter>
    </ClInclude>
    <ClInclude Include="input_output\cxml.h">
      <Filter>Fichiers d%27en-têtes\input_output</Filter>
    </ClInclude>
    <ClInclude Include="input_output\progressionInfo.h">
      <Filter>Fichiers d%27en-têtes\input_output</Filter>
    </ClInclude>
    <ClInclude Include="input_output\utf8.h">
      <Filter>Fichiers d%27en-têtes\input_output</Filter>
    </ClInclude>
    <ClInclude Include="input_output\exportRecepteurSurf\rsbin.h">
      <Filter>Fichiers d%27en-têtes\input_output\exportRecepteurSurf</Filter>
    </ClInclude>
    <ClInclude Include="input_output\exportRecepteurSurf\std_rsbin.hpp">
      <Filter>Fichiers d%27en-têtes\input_output\exportRecepteurSurf</Filter>
    </ClInclude>
    <ClInclude Include="input_output\gabe\gabe.h">
      <Filter>Fichiers d%27en-têtes\input_output\gabe</Filter>
    </ClInclude>
    <ClInclude Include="input_output\gabe\stdgabe.h">
      <Filter>Fichiers d%27en-têtes\input_output\gabe</Filter>
    </ClInclude>
    <ClInclude Include="input_output\importExportMaillage\m_report_bin.h">
      <Filter>Fichiers d%27en-têtes\input_output\importExportMaillage</Filter>
    </ClInclude>
    <ClInclude Include="input_output\importExportMaillage\mbin.h">
      <Filter>Fichiers d%27en-têtes\input_output\importExportMaillage</Filter>
    </ClInclude>
    <ClInclude Include="input_output\utf8\checked.h">
      <Filter>Fichiers d%27en-têtes\input_output\utf8</Filter>
    </ClInclude>
    <ClInclude Include="input_output\utf8\core.h">
      <Filter>Fichiers d%27en-têtes\input_output\utf8</Filter>
    </ClInclude>
    <ClInclude Include="input_output\utf8\unchecked.h">
      <Filter>Fichiers d%27en-têtes\input_output\utf8</Filter>
    </ClInclude>
    <ClInclude Include="input_output\particles\part_binary.h">
      <Filter>Fichiers d%27en-têtes\input_output\particles</Filter>
    </ClInclude>
    <ClInclude Include="input_output\particles\part_io.hpp">
      <Filter>Fichiers d%27en-têtes\input_output\particles</Filter>
    </ClInclude>
    <ClInclude Include="input_output\ply\rply.h">
      <Filter>Fichiers d%27en-têtes\input_output\ply</Filter>
    </ClInclude>
    <ClInclude Include="input_output\ply\rply_interface.hpp">
      <Filter>Fichiers d%27en-têtes\input_output\ply</Filter>
    </ClInclude>
    <ClInclude Include="tools\collision.h">
      <Filter>Fichiers d%27en-têtes\tools</Filter>
    </ClInclude>
    <ClInclude Include="tools\octree44.hpp">
      <Filter>Fichiers d%27en-têtes\tools</Filter>
    </ClInclude>
    <ClInclude Include="tools\octree44_cylinderElement.hpp">
      <Filter>Fichiers d%27en-têtes\tools</Filter>
    </ClInclude>
    <ClInclude Include="tools\octree44_dotElement.hpp">
      <Filter>Fichiers d%27en-têtes\tools</Filter>
    </ClInclude>
    <ClInclude Include="tools\octree44_segmentElement.hpp">
      <Filter>Fichiers d%27en-têtes\tools</Filter>
    </ClInclude>
    <ClInclude Include="tools\octree44_sphereElement.hpp">
      <Filter>Fichiers d%27en-têtes\tools</Filter>
    </ClInclude>
    <ClInclude Include="tools\octree44_triangleElement.hpp">
      <Filter>Fichiers d%27en-têtes\tools</Filter>
    </ClInclude>
    <ClInclude Include="tools\surf_merging.hpp">
      <Filter>Fichiers d%27en-têtes\tools</Filter>
    </ClInclude>
    <ClInclude Include="tools\vol_identifier.hpp">
      <Filter>Fichiers d%27en-têtes\tools</Filter>
    </ClInclude>
    <ClInclude Include="tools\vol_splitter.hpp">
      <Filter>Fichiers d%27en-têtes\tools</Filter>
    </ClInclude>
  </ItemGroup>
  <ItemGroup>
    <ClCompile Include="coreinitialisation.cpp">
      <Filter>Fichiers sources</Filter>
    </ClCompile>
    <ClCompile Include="coreString.cpp">
      <Filter>Fichiers sources</Filter>
    </ClCompile>
    <ClCompile Include="coreTypes.cpp">
      <Filter>Fichiers sources</Filter>
    </ClCompile>
    <ClCompile Include="dummy.cpp">
      <Filter>Fichiers sources</Filter>
    </ClCompile>
    <ClCompile Include="en_numeric.cpp">
      <Filter>Fichiers sources</Filter>
    </ClCompile>
    <ClCompile Include="std_tools.cpp">
      <Filter>Fichiers sources</Filter>
    </ClCompile>
    <ClCompile Include="data_manager\base_core_configuration.cpp">
      <Filter>Fichiers sources\data_manager</Filter>
    </ClCompile>
    <ClCompile Include="data_manager\data_calculation\Celerite_du_son.cpp">
      <Filter>Fichiers sources\data_manager\data_calculation</Filter>
    </ClCompile>
    <ClCompile Include="data_manager\data_calculation\Coef_Att_Atmos.cpp">
      <Filter>Fichiers sources\data_manager\data_calculation</Filter>
    </ClCompile>
    <ClCompile Include="data_manager\data_calculation\Masse_volumique_air.cpp">
      <Filter>Fichiers sources\data_manager\data_calculation</Filter>
    </ClCompile>
    <ClCompile Include="input_output\baseReportManager.cpp">
      <Filter>Fichiers sources\input_output</Filter>
    </ClCompile>
    <ClCompile Include="input_output\bin.cpp">
      <Filter>Fichiers sources\input_output</Filter>
    </ClCompile>
    <ClCompile Include="input_output\cxml.cpp">
      <Filter>Fichiers sources\input_output</Filter>
    </ClCompile>
    <ClCompile Include="input_output\gpl_io.cpp">
      <Filter>Fichiers sources\input_output</Filter>
    </ClCompile>
    <ClCompile Include="input_output\exportRecepteurSurf\rsbin.cpp">
      <Filter>Fichiers sources\input_output\exportRecepteurSurf</Filter>
    </ClCompile>
    <ClCompile Include="input_output\exportRecepteurSurf\std_rsbin.cpp">
      <Filter>Fichiers sources\input_output\exportRecepteurSurf</Filter>
    </ClCompile>
    <ClCompile Include="input_output\gabe\gabe.cpp">
      <Filter>Fichiers sources\input_output\gabe</Filter>
    </ClCompile>
    <ClCompile Include="input_output\gabe\stdgabe.cpp">
      <Filter>Fichiers sources\input_output\gabe</Filter>
    </ClCompile>
    <ClCompile Include="input_output\importExportMaillage\m_report_bin.cpp">
      <Filter>Fichiers sources\input_output\importExportMaillage</Filter>
    </ClCompile>
    <ClCompile Include="input_output\importExportMaillage\mbin.cpp">
      <Filter>Fichiers sources\input_output\importExportMaillage</Filter>
    </ClCompile>
    <ClCompile Include="input_output\particles\part_io.cpp">
      <Filter>Fichiers sources\input_output\particles</Filter>
    </ClCompile>
    <ClCompile Include="input_output\ply\rply.c">
      <Filter>Fichiers sources\input_output\ply</Filter>
    </ClCompile>
    <ClCompile Include="input_output\ply\rply_interface.cpp">
      <Filter>Fichiers sources\input_output\ply</Filter>
    </ClCompile>
    <ClCompile Include="tools\octree44.cpp">
      <Filter>Fichiers sources\tools</Filter>
    </ClCompile>
    <ClCompile Include="tools\octree44_cylinderElement.cpp">
      <Filter>Fichiers sources\tools</Filter>
    </ClCompile>
    <ClCompile Include="tools\octree44_dotElement.cpp">
      <Filter>Fichiers sources\tools</Filter>
    </ClCompile>
    <ClCompile Include="tools\octree44_segmentElement.cpp">
      <Filter>Fichiers sources\tools</Filter>
    </ClCompile>
    <ClCompile Include="tools\octree44_sphereElement.cpp">
      <Filter>Fichiers sources\tools</Filter>
    </ClCompile>
    <ClCompile Include="tools\octree44_triangleElement.cpp">
      <Filter>Fichiers sources\tools</Filter>
    </ClCompile>
    <ClCompile Include="tools\surf_merging.cpp">
      <Filter>Fichiers sources\tools</Filter>
    </ClCompile>
    <ClCompile Include="tools\vol_identifier.cpp">
      <Filter>Fichiers sources\tools</Filter>
    </ClCompile>
    <ClCompile Include="tools\vol_splitter.cpp">
      <Filter>Fichiers sources\tools</Filter>
    </ClCompile>
  </ItemGroup>
</Project>