<?xml version="1.0" encoding="UTF-8" standalone="yes" ?>
<CodeBlocks_project_file>
	<FileVersion major="1" minor="6" />
	<Project>
		<Option title="lib_interface" />
		<Option makefile="makefile" />
		<Option pch_mode="2" />
		<Option compiler="gcc" />
		<Build>
			<Target title="Debug Win32">
				<Option output="Debug Win32/_interface" prefix_auto="1" extension_auto="1" />
				<Option working_dir="" />
				<Option object_output="Debug Win32" />
				<Option type="2" />
				<Option compiler="gcc" />
				<Option createDefFile="1" />
				<Compiler>
					<Add option="-W" />
					<Add option="-g" />
					<Add option="-O0" />
					<Add option="-DWIN32" />
					<Add option="-D_WIN32" />
					<Add option="-D_DEBUG" />
					<Add option="-D_CONSOLE" />
					<Add directory="./" />
				</Compiler>
				<ResourceCompiler>
					<Add directory="./" />
				</ResourceCompiler>
			</Target>
			<Target title="Release Win32">
				<Option output="Release Win32/lib_interface" prefix_auto="1" extension_auto="1" />
				<Option working_dir="" />
				<Option object_output="Release Win32" />
				<Option type="2" />
				<Option compiler="msvc8" />
				<Option createDefFile="1" />
				<Compiler>
					<Add option="-DWIN32" />
					<Add option="-D_WIN32" />
					<Add option="-DNDEBUG" />
					<Add option="-D_CONSOLE" />
					<Add option="-D_GCC" />
					<Add directory="." />
				</Compiler>
				<ResourceCompiler>
					<Add directory="./" />
				</ResourceCompiler>
			</Target>
			<Target title="Debug Unix">
				<Option output="Debug Unix/_interface" prefix_auto="1" extension_auto="1" />
				<Option working_dir="" />
				<Option object_output="Debug Unix" />
				<Option type="2" />
				<Option compiler="gcc" />
				<Option createDefFile="1" />
				<Compiler>
					<Add option="-W" />
					<Add option="-g" />
					<Add option="-O0" />
					<Add option="-D_UNIX" />
					<Add option="-D_DEBUG" />
					<Add option="-D_CONSOLE" />
					<Add directory="./" />
					<Add directory="/usr/include/wx-2.8" />
				</Compiler>
				<ResourceCompiler>
					<Add directory="./" />
				</ResourceCompiler>
			</Target>
			<Target title="Release Unix">
				<Option output="Release Unix/_interface" prefix_auto="1" extension_auto="1" />
				<Option working_dir="" />
				<Option object_output="Release Unix/" />
				<Option type="2" />
				<Option compiler="gcc" />
				<Option createDefFile="1" />
				<Compiler>
					<Add option="-O3" />
					<Add option="-W" />
					<Add option="-fPIC" />
					<Add option="-D_UNIX" />
					<Add option="-DNDEBUG" />
					<Add option="-D_CONSOLE" />
					<Add directory="./" />
				</Compiler>
				<ResourceCompiler>
					<Add directory="./" />
				</ResourceCompiler>
			</Target>
		</Build>
		<Compiler>
			<Add option="-ansi" />
			<Add directory="./" />
		</Compiler>
		<Unit filename="Core/Model3D.h" />
		<Unit filename="Core/mathlib.h" />
		<Unit filename="coreInitialisation.h" />
		<Unit filename="coreString.cpp" />
		<Unit filename="coreString.h" />
		<Unit filename="coreTypes.cpp" />
		<Unit filename="coreTypes.h" />
		<Unit filename="coreinitialisation.cpp" />
		<Unit filename="data_manager/base_core_configuration.cpp" />
		<Unit filename="data_manager/base_core_configuration.h" />
		<Unit filename="data_manager/data_calculation/Celerite_du_son.cpp" />
		<Unit filename="data_manager/data_calculation/Coef_Att_Atmos.cpp" />
		<Unit filename="data_manager/data_calculation/Masse_volumique_air.cpp" />
		<Unit filename="data_manager/data_calculation/calculsPropagation.h" />
		<Unit filename="dummy.cpp" />
		<Unit filename="en_numeric.cpp" />
		<Unit filename="en_numeric.hpp" />
		<Unit filename="input_output/baseReportManager.cpp" />
		<Unit filename="input_output/basereportmanager.h" />
		<Unit filename="input_output/bin.cpp" />
		<Unit filename="input_output/bin.h" />
		<Unit filename="input_output/cxml.cpp" />
		<Unit filename="input_output/cxml.h" />
		<Unit filename="input_output/exportRecepteurSurf/rsbin.cpp" />
		<Unit filename="input_output/exportRecepteurSurf/rsbin.h" />
		<Unit filename="input_output/exportRecepteurSurf/std_rsbin.cpp" />
		<Unit filename="input_output/exportRecepteurSurf/std_rsbin.hpp" />
		<Unit filename="input_output/gabe/gabe.cpp" />
		<Unit filename="input_output/gabe/gabe.h" />
		<Unit filename="input_output/gabe/stdgabe.cpp" />
		<Unit filename="input_output/gabe/stdgabe.h" />
		<Unit filename="input_output/gpl_io.cpp" />
		<Unit filename="input_output/importExportMaillage/m_report_bin.cpp" />
		<Unit filename="input_output/importExportMaillage/m_report_bin.h" />
		<Unit filename="input_output/importExportMaillage/mbin.cpp" />
		<Unit filename="input_output/importExportMaillage/mbin.h" />
		<Unit filename="input_output/particles/part_binary.h" />
		<Unit filename="input_output/particles/part_io.cpp" />
		<Unit filename="input_output/particles/part_io.hpp" />
		<Unit filename="input_output/ply/rply.c">
			<Option compilerVar="CC" />
		</Unit>
		<Unit filename="input_output/ply/rply.h" />
		<Unit filename="input_output/ply/rply_interface.cpp" />
		<Unit filename="input_output/ply/rply_interface.hpp" />
		<Unit filename="input_output/progressionInfo.h" />
		<Unit filename="input_output/utf8.h" />
		<Unit filename="input_output/utf8/checked.h" />
		<Unit filename="input_output/utf8/core.h" />
		<Unit filename="input_output/utf8/unchecked.h" />
		<Unit filename="std_tools.cpp" />
		<Unit filename="std_tools.hpp" />
		<Unit filename="tools/collision.h" />
		<Unit filename="tools/octree44.cpp" />
		<Unit filename="tools/octree44.hpp" />
		<Unit filename="tools/octree44_dotElement.cpp" />
		<Unit filename="tools/octree44_dotElement.hpp" />
		<Unit filename="tools/octree44_segmentElement.cpp" />
		<Unit filename="tools/octree44_segmentElement.hpp" />
		<Unit filename="tools/octree44_sphereElement.cpp" />
		<Unit filename="tools/octree44_sphereElement.hpp" />
		<Unit filename="tools/octree44_triangleElement.cpp" />
		<Unit filename="tools/octree44_triangleElement.hpp" />
		<Unit filename="tools/surf_merging.cpp" />
		<Unit filename="tools/surf_merging.hpp" />
		<Unit filename="tools/vol_identifier.cpp" />
		<Unit filename="tools/vol_identifier.hpp" />
		<Unit filename="tools/vol_splitter.cpp" />
		<Unit filename="tools/vol_splitter.hpp" />
		<Extensions>
			<code_completion />
			<debugger />
			<envvars />
		</Extensions>
	</Project>
</CodeBlocks_project_file>
